{
  "projects": [
    {
      "projectId": "seaQhLVS4bbjiGvJJrRwyL",
      "version": "15.0.3",
      "dependencies": {},
      "lang": "ts",
      "fileLocks": [
        {
          "assetId": "seaQhLVS4bbjiGvJJrRwyL",
          "type": "projectCss",
          "checksum": "96d0c5256c70ddefc2366d3580ce9213"
        }
      ],
      "codegenVersion": "0.0.1"
    },
    {
      "projectId": "wx6aoo7FZEXNn8vLYsSQDm",
      "version": "latest",
      "dependencies": {
        "seaQhLVS4bbjiGvJJrRwyL": "15.0.3"
      },
      "lang": "ts",
      "fileLocks": [
        {
          "type": "globalVariant",
          "assetId": "KqR-UdDzz-qOAa",
          "checksum": "d31e273cdb4842152e9187aae3830e4d"
        },
        {
          "type": "renderModule",
          "assetId": "1Aj3NBVLiGXte",
          "checksum": "14f4e3f841beeafeed25657944dacc30"
        },
        {
          "type": "cssRules",
          "assetId": "1Aj3NBVLiGXte",
          "checksum": "14f4e3f841beeafeed25657944dacc30"
        },
        {
          "type": "renderModule",
          "assetId": "-Vb13Wx76lxLk",
          "checksum": "0a564b329b0a4a63533981c907cf5584"
        },
        {
          "type": "cssRules",
          "assetId": "-Vb13Wx76lxLk",
          "checksum": "0a564b329b0a4a63533981c907cf5584"
        },
        {
          "type": "renderModule",
          "assetId": "Z489008dJg24V",
          "checksum": "ede687f1f0509bac23c6c01466507512"
        },
        {
          "type": "cssRules",
          "assetId": "Z489008dJg24V",
          "checksum": "ede687f1f0509bac23c6c01466507512"
        },
        {
          "type": "renderModule",
          "assetId": "NAMndQWbr7S76",
          "checksum": "cc3e0a93a58da00d10333cb4c42e1df7"
        },
        {
          "type": "cssRules",
          "assetId": "NAMndQWbr7S76",
          "checksum": "cc3e0a93a58da00d10333cb4c42e1df7"
        },
        {
          "type": "renderModule",
          "assetId": "ioydRJWlLSlsf",
          "checksum": "0e8eec85f8e4b7e30ede516c9e4150e2"
        },
        {
          "type": "cssRules",
          "assetId": "ioydRJWlLSlsf",
          "checksum": "0e8eec85f8e4b7e30ede516c9e4150e2"
        },
        {
          "type": "renderModule",
          "assetId": "3eeqB2Cq19Rpg",
          "checksum": "73bf2c29831937bdb103b3631e5c87ae"
        },
        {
          "type": "cssRules",
          "assetId": "3eeqB2Cq19Rpg",
          "checksum": "73bf2c29831937bdb103b3631e5c87ae"
        },
        {
          "type": "renderModule",
          "assetId": "NW8MdsPm6lfG0_",
          "checksum": "bdc099e7cd37c3948300f55db47571b5"
        },
        {
          "type": "cssRules",
          "assetId": "NW8MdsPm6lfG0_",
          "checksum": "bdc099e7cd37c3948300f55db47571b5"
        },
        {
          "type": "renderModule",
          "assetId": "ojLA9DXhzPv2Sq",
          "checksum": "c3ab571b12ab8c0f7f369199d7d6abbb"
        },
        {
          "type": "cssRules",
          "assetId": "ojLA9DXhzPv2Sq",
          "checksum": "c3ab571b12ab8c0f7f369199d7d6abbb"
        },
        {
          "type": "renderModule",
          "assetId": "YGy-oxiL0BVSL6",
          "checksum": "7f9e68ac7357b74fcfaed37d9fc5e6f3"
        },
        {
          "type": "cssRules",
          "assetId": "YGy-oxiL0BVSL6",
          "checksum": "7f9e68ac7357b74fcfaed37d9fc5e6f3"
        },
        {
          "type": "renderModule",
          "assetId": "_bN4lfvrgdh9vg",
          "checksum": "fd121f40fd9a6aa1bc6e916dd1b38874"
        },
        {
          "type": "cssRules",
          "assetId": "_bN4lfvrgdh9vg",
          "checksum": "fd121f40fd9a6aa1bc6e916dd1b38874"
        },
        {
          "type": "renderModule",
          "assetId": "ZUD5-L-XqHsPV0",
          "checksum": "1ead58d7cbd1b595a734468007252658"
        },
        {
          "type": "cssRules",
          "assetId": "ZUD5-L-XqHsPV0",
          "checksum": "1ead58d7cbd1b595a734468007252658"
        },
        {
          "type": "renderModule",
          "assetId": "_f77SlnS2kNwy2",
          "checksum": "a2a67d126841c9190a2ef65dbe8fdb4d"
        },
        {
          "type": "cssRules",
          "assetId": "_f77SlnS2kNwy2",
          "checksum": "a2a67d126841c9190a2ef65dbe8fdb4d"
        },
        {
          "type": "renderModule",
          "assetId": "UOgKLTtsvBIkA7",
          "checksum": "2fca10daa875bf40c135fd2c571206b3"
        },
        {
          "type": "cssRules",
          "assetId": "UOgKLTtsvBIkA7",
          "checksum": "2fca10daa875bf40c135fd2c571206b3"
        },
        {
          "type": "renderModule",
          "assetId": "IepRjPFb7gQUFT",
          "checksum": "06dc8155e7af8da5635c08a6e6cd8f8d"
        },
        {
          "type": "cssRules",
          "assetId": "IepRjPFb7gQUFT",
          "checksum": "06dc8155e7af8da5635c08a6e6cd8f8d"
        },
        {
          "type": "renderModule",
          "assetId": "pJhvut2uXEQ_GY",
          "checksum": "9788b7b85aa3ba89243eb2b4de1a5608"
        },
        {
          "type": "cssRules",
          "assetId": "pJhvut2uXEQ_GY",
          "checksum": "9788b7b85aa3ba89243eb2b4de1a5608"
        },
        {
          "type": "renderModule",
          "assetId": "jqiB88P53Q6rHE",
          "checksum": "66aba1f476f5e6cf1abb5c929f35a705"
        },
        {
          "type": "cssRules",
          "assetId": "jqiB88P53Q6rHE",
          "checksum": "66aba1f476f5e6cf1abb5c929f35a705"
        },
        {
          "type": "renderModule",
          "assetId": "fgkVFy0wrVWvCO",
          "checksum": "62c040ecc1c6add26ff257111a2a4a8f"
        },
        {
          "type": "cssRules",
          "assetId": "fgkVFy0wrVWvCO",
          "checksum": "62c040ecc1c6add26ff257111a2a4a8f"
        },
        {
          "type": "icon",
          "assetId": "uB14dyueeEsLUX",
          "checksum": "99642ff31f213a0801189b71efc99cda"
        },
        {
          "type": "icon",
          "assetId": "sPyPRBDgv9DY0L",
          "checksum": "5dc2ccaccd8c20be36375928a5404175"
        },
        {
          "type": "icon",
          "assetId": "4jhqMNEEmsNCSy",
          "checksum": "36e9fe81830bead1cc29c4c2412b85ce"
        },
        {
          "type": "icon",
          "assetId": "3vHvdUmdRdpm0O",
          "checksum": "a8170230d01081390f1cb77ae50cfe8b"
        },
        {
          "type": "icon",
          "assetId": "oGIIgq6g44-n8X",
          "checksum": "c110ff7884c47e69df0149c4f69d2316"
        },
        {
          "type": "icon",
          "assetId": "_FX4r1CnC-QTUm",
          "checksum": "963aebf586d565e781c164fe4e638a76"
        },
        {
          "type": "icon",
          "assetId": "kGwhs2WDpRjBlx",
          "checksum": "c44efe5320461956e0c2ee8a4b88561b"
        },
        {
          "type": "icon",
          "assetId": "Vf3rhaO6z62fB3",
          "checksum": "c8799af12bbdc16ebdec518e793cd98b"
        },
        {
          "type": "icon",
          "assetId": "BLPA3V4WCddeMv",
          "checksum": "64e9f514658ce59f0eb7c5685a42a12e"
        },
        {
          "type": "icon",
          "assetId": "LntS45tx6fskFq",
          "checksum": "eae9912703d652b0eec83431f66dc072"
        },
        {
          "type": "icon",
          "assetId": "yz-1MyV5hyK3ts",
          "checksum": "f7e71d0526f12089e7f1dc7345b0cc03"
        },
        {
          "type": "icon",
          "assetId": "tjwvwaSF5yn9s4",
          "checksum": "cf69c654c89a83b86ef5dee0eefab0aa"
        },
        {
          "type": "icon",
          "assetId": "r3oEyQ2isfcp77",
          "checksum": "ca2258bcfac115985a8ec94533c232ac"
        },
        {
          "type": "icon",
          "assetId": "iYgLJ_1zatlsgo",
          "checksum": "8084f80b613878c42b70eda7fec8662e"
        },
        {
          "type": "icon",
          "assetId": "wUey1MvWrkMrWk",
          "checksum": "f4f5e9c17284cd76b1f35c70c97a9582"
        },
        {
          "type": "icon",
          "assetId": "yAVoogxBWs3rg-",
          "checksum": "0617ab0ce6a2632417329c3c305c288c"
        },
        {
          "type": "icon",
          "assetId": "Q6afK6hyeHzu18",
          "checksum": "077e1b18bbf4c4a83ac4380fd120150e"
        },
        {
          "type": "icon",
          "assetId": "DYgliUKpZC2lsC",
          "checksum": "5006e2141f04aa9d202665c482bf1a55"
        },
        {
          "type": "icon",
          "assetId": "9yocJWJGn-QXWU",
          "checksum": "b7afb3ef940361b069756f654ca5d103"
        },
        {
          "type": "icon",
          "assetId": "7o1gsdODbHHZlc",
          "checksum": "5ff686b24bdb99f1a9eded9d0a69f18a"
        },
        {
          "type": "icon",
          "assetId": "JawdjrG6paZs8c",
          "checksum": "952338204d820b47dbd42d3e734abc30"
        },
        {
          "type": "icon",
          "assetId": "Xl1C6XWRgUq2yk",
          "checksum": "fc532974df5305c4ca9a42b33d1359b7"
        },
        {
          "type": "image",
          "assetId": "99zVqMsftHPvKJ",
          "checksum": "eef0d05ca1e139f6e7f64983b7a479eb"
        },
        {
          "type": "image",
          "assetId": "om_6IMSLb9iPWp",
          "checksum": "8924afdbe656c42f6c3e00faef2d7941"
        },
        {
          "type": "image",
          "assetId": "eVzpXvw6N4Zwbx",
          "checksum": "7fe6de95f1f38ddf91b987d16d6bcd70"
        },
        {
          "type": "image",
          "assetId": "8nUNwVM21DLgrT",
          "checksum": "37a46e88ace690aca5cd3cd3738db7ba"
        },
        {
          "assetId": "wx6aoo7FZEXNn8vLYsSQDm",
          "type": "projectCss",
          "checksum": "b20c4a8c9d94e29be6344eade7c3b30c"
        }
      ],
      "codegenVersion": "0.0.1"
    }
  ],
  "cliVersion": "0.1.178"
}
